
Microsoft Visual Studio Solution File, Format Version 12.00
# Visual Studio Version 17
VisualStudioVersion = 17.6.33815.320
MinimumVisualStudioVersion = 10.0.40219.1
Project("{2150E333-8FDC-42A3-9474-1A3956D46DE8}") = "ServiceOne", "ServiceOne", "{672469F7-942E-4768-B6C3-242CFA702047}"
EndProject
Project("{2150E333-8FDC-42A3-9474-1A3956D46DE8}") = "ServiceTwo", "ServiceTwo", "{015BE556-9210-494A-8DF2-B6DB1DF5C87F}"
EndProject
Project("{2150E333-8FDC-42A3-9474-1A3956D46DE8}") = "ServiceThree", "ServiceThree", "{ABB02F71-70CB-43EF-927C-D027AF61F9F4}"
EndProject
Project("{2150E333-8FDC-42A3-9474-1A3956D46DE8}") = "ServiceFour", "ServiceFour", "{CC7E1840-D8C1-4B48-9520-0644EC034BDC}"
EndProject
Project("{2150E333-8FDC-42A3-9474-1A3956D46DE8}") = "ServiceFive", "ServiceFive", "{D044FB58-85CE-4C80-8769-6B334CE6A7E0}"
EndProject
Project("{FAE04EC0-301F-11D3-BF4B-00C04F79EFBC}") = "ServiceFive.Api", "ServiceFive.Api\ServiceFive.Api.csproj", "{A3D04AAC-80AB-4E71-91E4-88C8AFCFE3E0}"
EndProject
Global
	GlobalSection(SolutionConfigurationPlatforms) = preSolution
		Debug|Any CPU = Debug|Any CPU
		Release|Any CPU = Release|Any CPU
	EndGlobalSection
	GlobalSection(ProjectConfigurationPlatforms) = postSolution
		{A3D04AAC-80AB-4E71-91E4-88C8AFCFE3E0}.Debug|Any CPU.ActiveCfg = Debug|Any CPU
		{A3D04AAC-80AB-4E71-91E4-88C8AFCFE3E0}.Debug|Any CPU.Build.0 = Debug|Any CPU
		{A3D04AAC-80AB-4E71-91E4-88C8AFCFE3E0}.Release|Any CPU.ActiveCfg = Release|Any CPU
		{A3D04AAC-80AB-4E71-91E4-88C8AFCFE3E0}.Release|Any CPU.Build.0 = Release|Any CPU
	EndGlobalSection
	GlobalSection(SolutionProperties) = preSolution
		HideSolutionNode = FALSE
	EndGlobalSection
	GlobalSection(NestedProjects) = preSolution
		{A3D04AAC-80AB-4E71-91E4-88C8AFCFE3E0} = {D044FB58-85CE-4C80-8769-6B334CE6A7E0}
	EndGlobalSection
	GlobalSection(ExtensibilityGlobals) = postSolution
		SolutionGuid = {02AA9626-48F8-49E9-91BA-C9EA6284F8EC}
	EndGlobalSection
EndGlobal
